
Microsoft Visual Studio Solution File, Format Version 12.00
# Visual Studio Version 17
VisualStudioVersion = 17.11.35312.102
MinimumVisualStudioVersion = 10.0.40219.1
Project("{FAE04EC0-301F-11D3-BF4B-00C04F79EFBC}") = "Lab2(final)", "Lab2(final).csproj", "{319BDAAB-5BCE-49C0-BFD5-EE3CB5C3FAB8}"
EndProject
Global
	GlobalSection(SolutionConfigurationPlatforms) = preSolution
		Debug|Any CPU = Debug|Any CPU
		Release|Any CPU = Release|Any CPU
	EndGlobalSection
	GlobalSection(ProjectConfigurationPlatforms) = postSolution
		{319BDAAB-5BCE-49C0-BFD5-EE3CB5C3FAB8}.Debug|Any CPU.ActiveCfg = Debug|Any CPU
		{319BDAAB-5BCE-49C0-BFD5-EE3CB5C3FAB8}.Debug|Any CPU.Build.0 = Debug|Any CPU
		{319BDAAB-5BCE-49C0-BFD5-EE3CB5C3FAB8}.Release|Any CPU.ActiveCfg = Release|Any CPU
		{319BDAAB-5BCE-49C0-BFD5-EE3CB5C3FAB8}.Release|Any CPU.Build.0 = Release|Any CPU
	EndGlobalSection
	GlobalSection(SolutionProperties) = preSolution
		HideSolutionNode = FALSE
	EndGlobalSection
	GlobalSection(ExtensibilityGlobals) = postSolution
		SolutionGuid = {0CFD6D3E-B581-49B5-BD48-2E9C70838AE7}
	EndGlobalSection
EndGlobal
